// !$*UTF8*$!
{
	archiveVersion = 1;
	classes = {
	};
	objectVersion = 50;
	objects = {

/* Begin PBXBuildFile section */
		55CF98D7222F9FAF005DC6EE /* AppDelegate.m in Sources */ = {isa = PBXBuildFile; fileRef = 55CF98D6222F9FAF005DC6EE /* AppDelegate.m */; };
		55CF98DA222F9FAF005DC6EE /* ViewController.m in Sources */ = {isa = PBXBuildFile; fileRef = 55CF98D9222F9FAF005DC6EE /* ViewController.m */; };
		55CF98DD222F9FAF005DC6EE /* Main.storyboard in Resources */ = {isa = PBXBuildFile; fileRef = 55CF98DB222F9FAF005DC6EE /* Main.storyboard */; };
		55CF98DF222F9FB0005DC6EE /* Assets.xcassets in Resources */ = {isa = PBXBuildFile; fileRef = 55CF98DE222F9FB0005DC6EE /* Assets.xcassets */; };
		55CF98E2222F9FB0005DC6EE /* LaunchScreen.storyboard in Resources */ = {isa = PBXBuildFile; fileRef = 55CF98E0222F9FB0005DC6EE /* LaunchScreen.storyboard */; };
		55CF98E5222F9FB0005DC6EE /* main.m in Sources */ = {isa = PBXBuildFile; fileRef = 55CF98E4222F9FB0005DC6EE /* main.m */; };
/* End PBXBuildFile section */

/* Begin PBXFileReference section */
		55CF98D2222F9FAF005DC6EE /* a.app */ = {isa = PBXFileReference; explicitFileType = wrapper.application; includeInIndex = 0; path = a.app; sourceTree = BUILT_PRODUCTS_DIR; };
		55CF98D5222F9FAF005DC6EE /* AppDelegate.h */ = {isa = PBXFileReference; lastKnownFileType = sourcecode.c.h; path = AppDelegate.h; sourceTree = "<group>"; };
		55CF98D6222F9FAF005DC6EE /* AppDelegate.m */ = {isa = PBXFileReference; lastKnownFileType = sourcecode.c.objc; path = AppDelegate.m; sourceTree = "<group>"; };
		55CF98D8222F9FAF005DC6EE /* ViewController.h */ = {isa = PBXFileReference; lastKnownFileType = sourcecode.c.h; path = ViewController.h; sourceTree = "<group>"; };
		55CF98D9222F9FAF005DC6EE /* ViewController.m */ = {isa = PBXFileReference; lastKnownFileType = sourcecode.c.objc; path = ViewController.m; sourceTree = "<group>"; };
		55CF98DC222F9FAF005DC6EE /* Base */ = {isa = PBXFileReference; lastKnownFileType = file.storyboard; name = Base; path = Base.lproj/Main.storyboard; sourceTree = "<group>"; };
		55CF98DE222F9FB0005DC6EE /* Assets.xcassets */ = {isa = PBXFileReference; lastKnownFileType = folder.assetcatalog; path = Assets.xcassets; sourceTree = "<group>"; };
		55CF98E1222F9FB0005DC6EE /* Base */ = {isa = PBXFileReference; lastKnownFileType = file.storyboard; name = Base; path = Base.lproj/LaunchScreen.storyboard; sourceTree = "<group>"; };
		55CF98E3222F9FB0005DC6EE /* Info.plist */ = {isa = PBXFileReference; lastKnownFileType = text.plist.xml; path = Info.plist; sourceTree = "<group>"; };
		55CF98E4222F9FB0005DC6EE /* main.m */ = {isa = PBXFileReference; lastKnownFileType = sourcecode.c.objc; path = main.m; sourceTree = "<group>"; };
/* End PBXFileReference section */

/* Begin PBXFrameworksBuildPhase section */
		55CF98CF222F9FAF005DC6EE /* Frameworks */ = {
			isa = PBXFrameworksBuildPhase;
			buildActionMask = 2147483647;
			files = (
			);
			runOnlyForDeploymentPostprocessing = 0;
		};
/* End PBXFrameworksBuildPhase section */

/* Begin PBXGroup section */
		55CF98C9222F9FAF005DC6EE = {
			isa = PBXGroup;
			children = (
				55CF98D4222F9FAF005DC6EE /* a */,
				55CF98D3222F9FAF005DC6EE /* Products */,
			);
			sourceTree = "<group>";
		};
		55CF98D3222F9FAF005DC6EE /* Products */ = {
			isa = PBXGroup;
			children = (
				55CF98D2222F9FAF005DC6EE /* a.app */,
			);
			name = Products;
			sourceTree = "<group>";
		};
		55CF98D4222F9FAF005DC6EE /* a */ = {
			isa = PBXGroup;
			children = (
				55CF98D5222F9FAF005DC6EE /* AppDelegate.h */,
				55CF98D6222F9FAF005DC6EE /* AppDelegate.m */,
				55CF98D8222F9FAF005DC6EE /* ViewController.h */,
				55CF98D9222F9FAF005DC6EE /* ViewController.m */,
				55CF98DB222F9FAF005DC6EE /* Main.storyboard */,
				55CF98DE222F9FB0005DC6EE /* Assets.xcassets */,
				55CF98E0222F9FB0005DC6EE /* LaunchScreen.storyboard */,
				55CF98E3222F9FB0005DC6EE /* Info.plist */,
				55CF98E4222F9FB0005DC6EE /* main.m */,
			);
			path = a;
			sourceTree = "<group>";
		};
/* End PBXGroup section */

/* Begin PBXNativeTarget section */
		55CF98D1222F9FAF005DC6EE /* a */ = {
			isa = PBXNativeTarget;
			buildConfigurationList = 55CF98E8222F9FB0005DC6EE /* Build configuration list for PBXNativeTarget "a" */;
			buildPhases = (
				55CF98CE222F9FAF005DC6EE /* Sources */,
				55CF98CF222F9FAF005DC6EE /* Frameworks */,
				55CF98D0222F9FAF005DC6EE /* Resources */,
			);
			buildRules = (
			);
			dependencies = (
			);
			name = a;
			productName = a;
			productReference = 55CF98D2222F9FAF005DC6EE /* a.app */;
			productType = "com.apple.product-type.application";
		};
/* End PBXNativeTarget section */

/* Begin PBXProject section */
		55CF98CA222F9FAF005DC6EE /* Project object */ = {
			isa = PBXProject;
			attributes = {
				LastUpgradeCheck = 1010;
				ORGANIZATIONNAME = user08;
				TargetAttributes = {
					55CF98D1222F9FAF005DC6EE = {
						CreatedOnToolsVersion = 10.1;
					};
				};
			};
			buildConfigurationList = 55CF98CD222F9FAF005DC6EE /* Build configuration list for PBXProject "a" */;
			compatibilityVersion = "Xcode 9.3";
			developmentRegion = en;
			hasScannedForEncodings = 0;
			knownRegions = (
				en,
				Base,
			);
			mainGroup = 55CF98C9222F9FAF005DC6EE;
			productRefGroup = 55CF98D3222F9FAF005DC6EE /* Products */;
			projectDirPath = "";
			projectRoot = "";
			targets = (
				55CF98D1222F9FAF005DC6EE /* a */,
			);
		};
/* End PBXProject section */

/* Begin PBXResourcesBuildPhase section */
		55CF98D0222F9FAF005DC6EE /* Resources */ = {
			isa = PBXResourcesBuildPhase;
			buildActionMask = 2147483647;
			files = (
				55CF98E2222F9FB0005DC6EE /* LaunchScreen.storyboard in Resources */,
				55CF98DF222F9FB0005DC6EE /* Assets.xcassets in Resources */,
				55CF98DD222F9FAF005DC6EE /* Main.storyboard in Resources */,
			);
			runOnlyForDeploymentPostprocessing = 0;
		};
/* End PBXResourcesBuildPhase section */

/* Begin PBXSourcesBuildPhase section */
		55CF98CE222F9FAF005DC6EE /* Sources */ = {
			isa = PBXSourcesBuildPhase;
			buildActionMask = 2147483647;
			files = (
				55CF98DA222F9FAF005DC6EE /* ViewController.m in Sources */,
				55CF98E5222F9FB0005DC6EE /* main.m in Sources */,
				55CF98D7222F9FAF005DC6EE /* AppDelegate.m in Sources */,
			);
			runOnlyForDeploymentPostprocessing = 0;
		};
/* End PBXSourcesBuildPhase section */

/* Begin PBXVariantGroup section */
		55CF98DB222F9FAF005DC6EE /* Main.storyboard */ = {
			isa = PBXVariantGroup;
			children = (
				55CF98DC222F9FAF005DC6EE /* Base */,
			);
			name = Main.storyboard;
			sourceTree = "<group>";
		};
		55CF98E0222F9FB0005DC6EE /* LaunchScreen.storyboard */ = {
			isa = PBXVariantGroup;
			children = (
				55CF98E1222F9FB0005DC6EE /* Base */,
			);
			name = LaunchScreen.storyboard;
			sourceTree = "<group>";
		};
/* End PBXVariantGroup section */

/* Begin XCBuildConfiguration section */
		55CF98E6222F9FB0005DC6EE /* Debug */ = {
			isa = XCBuildConfiguration;
			buildSettings = {
				ALWAYS_SEARCH_USER_PATHS = NO;
				CLANG_ANALYZER_NONNULL = YES;
				CLANG_ANALYZER_NUMBER_OBJECT_CONVERSION = YES_AGGRESSIVE;
				CLANG_CXX_LANGUAGE_STANDARD = "gnu++14";
				CLANG_CXX_LIBRARY = "libc++";
				CLANG_ENABLE_MODULES = YES;
				CLANG_ENABLE_OBJC_ARC = YES;
				CLANG_ENABLE_OBJC_WEAK = YES;
				CLANG_WARN_BLOCK_CAPTURE_AUTORELEASING = YES;
				CLANG_WARN_BOOL_CONVERSION = YES;
				CLANG_WARN_COMMA = YES;
				CLANG_WARN_CONSTANT_CONVERSION = YES;
				CLANG_WARN_DEPRECATED_OBJC_IMPLEMENTATIONS = YES;
				CLANG_WARN_DIRECT_OBJC_ISA_USAGE = YES_ERROR;
				CLANG_WARN_DOCUMENTATION_COMMENTS = YES;
				CLANG_WARN_EMPTY_BODY = YES;
				CLANG_WARN_ENUM_CONVERSION = YES;
				CLANG_WARN_INFINITE_RECURSION = YES;
				CLANG_WARN_INT_CONVERSION = YES;
				CLANG_WARN_NON_LITERAL_NULL_CONVERSION = YES;
				CLANG_WARN_OBJC_IMPLICIT_RETAIN_SELF = YES;
				CLANG_WARN_OBJC_LITERAL_CONVERSION = YES;
				CLANG_WARN_OBJC_ROOT_CLASS = YES_ERROR;
				CLANG_WARN_RANGE_LOOP_ANALYSIS = YES;
				CLANG_WARN_STRICT_PROTOTYPES = YES;
				CLANG_WARN_SUSPICIOUS_MOVE = YES;
				CLANG_WARN_UNGUARDED_AVAILABILITY = YES_AGGRESSIVE;
				CLANG_WARN_UNREACHABLE_CODE = YES;
				CLANG_WARN__DUPLICATE_METHOD_MATCH = YES;
				CODE_SIGN_IDENTITY = "iPhone Developer";
				COPY_PHASE_STRIP = NO;
				DEBUG_INFORMATION_FORMAT = dwarf;
				ENABLE_STRICT_OBJC_MSGSEND = YES;
				ENABLE_TESTABILITY = YES;
				GCC_C_LANGUAGE_STANDARD = gnu11;
				GCC_DYNAMIC_NO_PIC = NO;
				GCC_NO_COMMON_BLOCKS = YES;
				GCC_OPTIMIZATION_LEVEL = 0;
				GCC_PREPROCESSOR_DEFINITIONS = (
					"DEBUG=1",
					"$(inherited)",
				);
				GCC_WARN_64_TO_32_BIT_CONVERSION = YES;
				GCC_WARN_ABOUT_RETURN_TYPE = YES_ERROR;
				GCC_WARN_UNDECLARED_SELECTOR = YES;
				GCC_WARN_UNINITIALIZED_AUTOS = YES_AGGRESSIVE;
				GCC_WARN_UNUSED_FUNCTION = YES;
				GCC_WARN_UNUSED_VARIABLE = YES;
				IPHONEOS_DEPLOYMENT_TARGET = 12.1;
				MTL_ENABLE_DEBUG_INFO = INCLUDE_SOURCE;
				MTL_FAST_MATH = YES;
				ONLY_ACTIVE_ARCH = YES;
				SDKROOT = iphoneos;
			};
			name = Debug;
		};
		55CF98E7222F9FB0005DC6EE /* Release */ = {
			isa = XCBuildConfiguration;
			buildSettings = {
				ALWAYS_SEARCH_USER_PATHS = NO;
				CLANG_ANALYZER_NONNULL = YES;
				CLANG_ANALYZER_NUMBER_OBJECT_CONVERSION = YES_AGGRESSIVE;
				CLANG_CXX_LANGUAGE_STANDARD = "gnu++14";
				CLANG_CXX_LIBRARY = "libc++";
				CLANG_ENABLE_MODULES = YES;
				CLANG_ENABLE_OBJC_ARC = YES;
				CLANG_ENABLE_OBJC_WEAK = YES;
				CLANG_WARN_BLOCK_CAPTURE_AUTORELEASING = YES;
				CLANG_WARN_BOOL_CONVERSION = YES;
				CLANG_WARN_COMMA = YES;
				CLANG_WARN_CONSTANT_CONVERSION = YES;
				CLANG_WARN_DEPRECATED_OBJC_IMPLEMENTATIONS = YES;
				CLANG_WARN_DIRECT_OBJC_ISA_USAGE = YES_ERROR;
				CLANG_WARN_DOCUMENTATION_COMMENTS = YES;
				CLANG_WARN_EMPTY_BODY = YES;
				CLANG_WARN_ENUM_CONVERSION = YES;
				CLANG_WARN_INFINITE_RECURSION = YES;
				CLANG_WARN_INT_CONVERSION = YES;
				CLANG_WARN_NON_LITERAL_NULL_CONVERSION = YES;
				CLANG_WARN_OBJC_IMPLICIT_RETAIN_SELF = YES;
				CLANG_WARN_OBJC_LITERAL_CONVERSION = YES;
				CLANG_WARN_OBJC_ROOT_CLASS = YES_ERROR;
				CLANG_WARN_RANGE_LOOP_ANALYSIS = YES;
				CLANG_WARN_STRICT_PROTOTYPES = YES;
				CLANG_WARN_SUSPICIOUS_MOVE = YES;
				CLANG_WARN_UNGUARDED_AVAILABILITY = YES_AGGRESSIVE;
				CLANG_WARN_UNREACHABLE_CODE = YES;
				CLANG_WARN__DUPLICATE_METHOD_MATCH = YES;
				CODE_SIGN_IDENTITY = "iPhone Developer";
				COPY_PHASE_STRIP = NO;
				DEBUG_INFORMATION_FORMAT = "dwarf-with-dsym";
				ENABLE_NS_ASSERTIONS = NO;
				ENABLE_STRICT_OBJC_MSGSEND = YES;
				GCC_C_LANGUAGE_STANDARD = gnu11;
				GCC_NO_COMMON_BLOCKS = YES;
				GCC_WARN_64_TO_32_BIT_CONVERSION = YES;
				GCC_WARN_ABOUT_RETURN_TYPE = YES_ERROR;
				GCC_WARN_UNDECLARED_SELECTOR = YES;
				GCC_WARN_UNINITIALIZED_AUTOS = YES_AGGRESSIVE;
				GCC_WARN_UNUSED_FUNCTION = YES;
				GCC_WARN_UNUSED_VARIABLE = YES;
				IPHONEOS_DEPLOYMENT_TARGET = 12.1;
				MTL_ENABLE_DEBUG_INFO = NO;
				MTL_FAST_MATH = YES;
				SDKROOT = iphoneos;
				VALIDATE_PRODUCT = YES;
			};
			name = Release;
		};
		55CF98E9222F9FB0005DC6EE /* Debug */ = {
			isa = XCBuildConfiguration;
			buildSettings = {
				ASSETCATALOG_COMPILER_APPICON_NAME = AppIcon;
				CODE_SIGN_STYLE = Automatic;
				INFOPLIST_FILE = a/Info.plist;
				LD_RUNPATH_SEARCH_PATHS = (
					"$(inherited)",
					"@executable_path/Frameworks",
				);
				PRODUCT_BUNDLE_IDENTIFIER = "-23.a";
				PRODUCT_NAME = "$(TARGET_NAME)";
				TARGETED_DEVICE_FAMILY = "1,2";
			};
			name = Debug;
		};
		55CF98EA222F9FB0005DC6EE /* Release */ = {
			isa = XCBuildConfiguration;
			buildSettings = {
				ASSETCATALOG_COMPILER_APPICON_NAME = AppIcon;
				CODE_SIGN_STYLE = Automatic;
				INFOPLIST_FILE = a/Info.plist;
				LD_RUNPATH_SEARCH_PATHS = (
					"$(inherited)",
					"@executable_path/Frameworks",
				);
				PRODUCT_BUNDLE_IDENTIFIER = "-23.a";
				PRODUCT_NAME = "$(TARGET_NAME)";
				TARGETED_DEVICE_FAMILY = "1,2";
			};
			name = Release;
		};
/* End XCBuildConfiguration section */

/* Begin XCConfigurationList section */
		55CF98CD222F9FAF005DC6EE /* Build configuration list for PBXProject "a" */ = {
			isa = XCConfigurationList;
			buildConfigurations = (
				55CF98E6222F9FB0005DC6EE /* Debug */,
				55CF98E7222F9FB0005DC6EE /* Release */,
			);
			defaultConfigurationIsVisible = 0;
			defaultConfigurationName = Release;
		};
		55CF98E8222F9FB0005DC6EE /* Build configuration list for PBXNativeTarget "a" */ = {
			isa = XCConfigurationList;
			buildConfigurations = (
				55CF98E9222F9FB0005DC6EE /* Debug */,
				55CF98EA222F9FB0005DC6EE /* Release */,
			);
			defaultConfigurationIsVisible = 0;
			defaultConfigurationName = Release;
		};
/* End XCConfigurationList section */
	};
	rootObject = 55CF98CA222F9FAF005DC6EE /* Project object */;
}
